
Microsoft Visual Studio Solution File, Format Version 12.00
# Visual Studio Version 17
VisualStudioVersion = 17.6.33801.468
MinimumVisualStudioVersion = 10.0.40219.1
Project("{FAE04EC0-301F-11D3-BF4B-00C04F79EFBC}") = "EmployeeManagement", "EmployeeManagement\EmployeeManagement.csproj", "{98974362-7CF8-4186-B8DE-A16CEF0D192D}"
EndProject
Project("{FAE04EC0-301F-11D3-BF4B-00C04F79EFBC}") = "EmployeeManagement.Foundation", "EmployeeManagement.Foundation\EmployeeManagement.Foundation.csproj", "{8663C837-3F96-41A8-A209-5B015F9235C4}"
EndProject
Global
	GlobalSection(SolutionConfigurationPlatforms) = preSolution
		Debug|Any CPU = Debug|Any CPU
		Release|Any CPU = Release|Any CPU
	EndGlobalSection
	GlobalSection(ProjectConfigurationPlatforms) = postSolution
		{98974362-7CF8-4186-B8DE-A16CEF0D192D}.Debug|Any CPU.ActiveCfg = Debug|Any CPU
		{98974362-7CF8-4186-B8DE-A16CEF0D192D}.Debug|Any CPU.Build.0 = Debug|Any CPU
		{98974362-7CF8-4186-B8DE-A16CEF0D192D}.Release|Any CPU.ActiveCfg = Release|Any CPU
		{98974362-7CF8-4186-B8DE-A16CEF0D192D}.Release|Any CPU.Build.0 = Release|Any CPU
		{8663C837-3F96-41A8-A209-5B015F9235C4}.Debug|Any CPU.ActiveCfg = Debug|Any CPU
		{8663C837-3F96-41A8-A209-5B015F9235C4}.Debug|Any CPU.Build.0 = Debug|Any CPU
		{8663C837-3F96-41A8-A209-5B015F9235C4}.Release|Any CPU.ActiveCfg = Release|Any CPU
		{8663C837-3F96-41A8-A209-5B015F9235C4}.Release|Any CPU.Build.0 = Release|Any CPU
	EndGlobalSection
	GlobalSection(SolutionProperties) = preSolution
		HideSolutionNode = FALSE
	EndGlobalSection
	GlobalSection(ExtensibilityGlobals) = postSolution
		SolutionGuid = {DD75FE9D-5FCA-4D14-80A6-4A8363AD94E9}
	EndGlobalSection
EndGlobal
